
Microsoft Visual Studio Solution File, Format Version 12.00
# Visual Studio Version 17
VisualStudioVersion = 17.5.002.0
MinimumVisualStudioVersion = 10.0.40219.1
Project("{9A19103F-16F7-4668-BE54-9A1E7A4F7556}") = "TodoApp", "TodoApp.csproj", "{AABAB5DB-DCB0-46C6-B939-5D3DEF875BE5}"
EndProject
Global
	GlobalSection(SolutionConfigurationPlatforms) = preSolution
		Debug|Any CPU = Debug|Any CPU
		Release|Any CPU = Release|Any CPU
	EndGlobalSection
	GlobalSection(ProjectConfigurationPlatforms) = postSolution
		{AABAB5DB-DCB0-46C6-B939-5D3DEF875BE5}.Debug|Any CPU.ActiveCfg = Debug|Any CPU
		{AABAB5DB-DCB0-46C6-B939-5D3DEF875BE5}.Debug|Any CPU.Build.0 = Debug|Any CPU
		{AABAB5DB-DCB0-46C6-B939-5D3DEF875BE5}.Release|Any CPU.ActiveCfg = Release|Any CPU
		{AABAB5DB-DCB0-46C6-B939-5D3DEF875BE5}.Release|Any CPU.Build.0 = Release|Any CPU
	EndGlobalSection
	GlobalSection(SolutionProperties) = preSolution
		HideSolutionNode = FALSE
	EndGlobalSection
	GlobalSection(ExtensibilityGlobals) = postSolution
		SolutionGuid = {3D87C74A-20DF-4C1A-B7A0-4CC86B5C9D5B}
	EndGlobalSection
EndGlobal
